<Solution>
  <Project Path="MusicLibrary.Application/MusicLibrary.Application.csproj" />
  <Project Path="MusicLibrary.Domain/MusicLibrary.Domain.csproj" />
  <Project Path="MusicLibrary.Infrastructure/MusicLibrary.Infrastructure.csproj" />
  <Project Path="MusicLibrary.Tests/MusicLibrary.Tests.csproj" Id="b7863e66-629a-45bb-b44b-e98043f67bf9" />
  <Project Path="MusicLibrary.WebAPI/MusicLibrary.WebAPI.csproj" />
</Solution>
